// !$*UTF8*$!
{
	archiveVersion = 1;
	classes = {
	};
	objectVersion = 77;
	objects = {

/* Begin PBXBuildFile section */
		9BC4FA022F59AFC700A95420 /* llama in Frameworks */ = {isa = PBXBuildFile; productRef = AA000002AA000002AA000002 /* llama */; };
/* End PBXBuildFile section */

/* Begin PBXContainerItemProxy section */
		9B388BB42F523DE700F48273 /* PBXContainerItemProxy */ = {
			isa = PBXContainerItemProxy;
			containerPortal = 9B388B9E2F523DE600F48273 /* Project object */;
			proxyType = 1;
			remoteGlobalIDString = 9B388BA52F523DE600F48273;
			remoteInfo = "Eon-Y";
		};
		9B388BBE2F523DE700F48273 /* PBXContainerItemProxy */ = {
			isa = PBXContainerItemProxy;
			containerPortal = 9B388B9E2F523DE600F48273 /* Project object */;
			proxyType = 1;
			remoteGlobalIDString = 9B388BA52F523DE600F48273;
			remoteInfo = "Eon-Y";
		};
/* End PBXContainerItemProxy section */

/* Begin PBXFileReference section */
		9B388BA62F523DE600F48273 /* Eon-Y.app */ = {isa = PBXFileReference; explicitFileType = wrapper.application; includeInIndex = 0; path = "Eon-Y.app"; sourceTree = BUILT_PRODUCTS_DIR; };
		9B388BB32F523DE700F48273 /* Eon-YTests.xctest */ = {isa = PBXFileReference; explicitFileType = wrapper.cfbundle; includeInIndex = 0; path = "Eon-YTests.xctest"; sourceTree = BUILT_PRODUCTS_DIR; };
		9B388BBD2F523DE700F48273 /* Eon-YUITests.xctest */ = {isa = PBXFileReference; explicitFileType = wrapper.cfbundle; includeInIndex = 0; path = "Eon-YUITests.xctest"; sourceTree = BUILT_PRODUCTS_DIR; };
/* End PBXFileReference section */

/* Begin PBXFileSystemSynchronizedBuildFileExceptionSet section */
		AA000030AA000030AA000030 /* Exceptions for "Eon-Y" folder in "Eon-Y" target */ = {
			isa = PBXFileSystemSynchronizedBuildFileExceptionSet;
			membershipExceptions = (
				Info.plist,
				Models/BatchCosineSimilarity.mlpackage,
				Models/ComplexityEstimator.mlpackage,
				Models/EmotionMultiLabel.mlpackage,
				Models/IntentClassifier.mlpackage,
				Models/RegisterDetector.mlpackage,
				Models/SentimentScorer.mlpackage,
				Models/TopicClassifier.mlpackage,
				Resources/bert_vocab.txt,
				Resources/gpt_sw3_vocab.json,
				Resources/lexicon_seed.json,
			);
			target = 9B388BA52F523DE600F48273 /* Eon-Y */;
		};
/* End PBXFileSystemSynchronizedBuildFileExceptionSet section */

/* Begin PBXFileSystemSynchronizedRootGroup section */
		9B388BA82F523DE600F48273 /* Eon-Y */ = {
			isa = PBXFileSystemSynchronizedRootGroup;
			exceptions = (
				AA000030AA000030AA000030 /* Exceptions for "Eon-Y" folder in "Eon-Y" target */,
			);
			path = "Eon-Y";
			sourceTree = "<group>";
		};
		9B388BB62F523DE700F48273 /* Eon-YTests */ = {
			isa = PBXFileSystemSynchronizedRootGroup;
			path = "Eon-YTests";
			sourceTree = "<group>";
		};
		9B388BC02F523DE700F48273 /* Eon-YUITests */ = {
			isa = PBXFileSystemSynchronizedRootGroup;
			path = "Eon-YUITests";
			sourceTree = "<group>";
		};
/* End PBXFileSystemSynchronizedRootGroup section */

/* Begin PBXFrameworksBuildPhase section */
		9B388BA32F523DE600F48273 /* Frameworks */ = {
			isa = PBXFrameworksBuildPhase;
			buildActionMask = 2147483647;
			files = (
				9BC4FA022F59AFC700A95420 /* llama in Frameworks */,
			);
			runOnlyForDeploymentPostprocessing = 0;
		};
		9B388BB02F523DE700F48273 /* Frameworks */ = {
			isa = PBXFrameworksBuildPhase;
			buildActionMask = 2147483647;
			files = (
			);
			runOnlyForDeploymentPostprocessing = 0;
		};
		9B388BBA2F523DE700F48273 /* Frameworks */ = {
			isa = PBXFrameworksBuildPhase;
			buildActionMask = 2147483647;
			files = (
			);
			runOnlyForDeploymentPostprocessing = 0;
		};
/* End PBXFrameworksBuildPhase section */

/* Begin PBXGroup section */
		9B388B9D2F523DE600F48273 = {
			isa = PBXGroup;
			children = (
				9B388BA82F523DE600F48273 /* Eon-Y */,
				9B388BB62F523DE700F48273 /* Eon-YTests */,
				9B388BC02F523DE700F48273 /* Eon-YUITests */,
				9B388BA72F523DE600F48273 /* Products */,
			);
			sourceTree = "<group>";
		};
		9B388BA72F523DE600F48273 /* Products */ = {
			isa = PBXGroup;
			children = (
				9B388BA62F523DE600F48273 /* Eon-Y.app */,
				9B388BB32F523DE700F48273 /* Eon-YTests.xctest */,
				9B388BBD2F523DE700F48273 /* Eon-YUITests.xctest */,
			);
			name = Products;
			sourceTree = "<group>";
		};
/* End PBXGroup section */

/* Begin PBXNativeTarget section */
		9B388BA52F523DE600F48273 /* Eon-Y */ = {
			isa = PBXNativeTarget;
			buildConfigurationList = 9B388BC72F523DE700F48273 /* Build configuration list for PBXNativeTarget "Eon-Y" */;
			buildPhases = (
				9B388BA22F523DE600F48273 /* Sources */,
				9B388BA32F523DE600F48273 /* Frameworks */,
				9B388BA42F523DE600F48273 /* Resources */,
			);
			buildRules = (
			);
			dependencies = (
			);
			fileSystemSynchronizedGroups = (
				9B388BA82F523DE600F48273 /* Eon-Y */,
			);
			name = "Eon-Y";
			packageProductDependencies = (
				AA000002AA000002AA000002 /* llama */,
			);
			productName = "Eon-Y";
			productReference = 9B388BA62F523DE600F48273 /* Eon-Y.app */;
			productType = "com.apple.product-type.application";
		};
		9B388BB22F523DE700F48273 /* Eon-YTests */ = {
			isa = PBXNativeTarget;
			buildConfigurationList = 9B388BCA2F523DE700F48273 /* Build configuration list for PBXNativeTarget "Eon-YTests" */;
			buildPhases = (
				9B388BAF2F523DE700F48273 /* Sources */,
				9B388BB02F523DE700F48273 /* Frameworks */,
				9B388BB12F523DE700F48273 /* Resources */,
			);
			buildRules = (
			);
			dependencies = (
				9B388BB52F523DE700F48273 /* PBXTargetDependency */,
			);
			fileSystemSynchronizedGroups = (
				9B388BB62F523DE700F48273 /* Eon-YTests */,
			);
			name = "Eon-YTests";
			packageProductDependencies = (
			);
			productName = "Eon-YTests";
			productReference = 9B388BB32F523DE700F48273 /* Eon-YTests.xctest */;
			productType = "com.apple.product-type.bundle.unit-test";
		};
		9B388BBC2F523DE700F48273 /* Eon-YUITests */ = {
			isa = PBXNativeTarget;
			buildConfigurationList = 9B388BCD2F523DE700F48273 /* Build configuration list for PBXNativeTarget "Eon-YUITests" */;
			buildPhases = (
				9B388BB92F523DE700F48273 /* Sources */,
				9B388BBA2F523DE700F48273 /* Frameworks */,
				9B388BBB2F523DE700F48273 /* Resources */,
			);
			buildRules = (
			);
			dependencies = (
				9B388BBF2F523DE700F48273 /* PBXTargetDependency */,
			);
			fileSystemSynchronizedGroups = (
				9B388BC02F523DE700F48273 /* Eon-YUITests */,
			);
			name = "Eon-YUITests";
			packageProductDependencies = (
			);
			productName = "Eon-YUITests";
			productReference = 9B388BBD2F523DE700F48273 /* Eon-YUITests.xctest */;
			productType = "com.apple.product-type.bundle.ui-testing";
		};
/* End PBXNativeTarget section */

/* Begin PBXProject section */
		9B388B9E2F523DE600F48273 /* Project object */ = {
			isa = PBXProject;
			attributes = {
				BuildIndependentTargetsInParallel = 1;
				LastSwiftUpdateCheck = 2610;
				LastUpgradeCheck = 2610;
				TargetAttributes = {
					9B388BA52F523DE600F48273 = {
						CreatedOnToolsVersion = 26.1;
					};
					9B388BB22F523DE700F48273 = {
						CreatedOnToolsVersion = 26.1;
						TestTargetID = 9B388BA52F523DE600F48273;
					};
					9B388BBC2F523DE700F48273 = {
						CreatedOnToolsVersion = 26.1;
						TestTargetID = 9B388BA52F523DE600F48273;
					};
				};
			};
			buildConfigurationList = 9B388BA12F523DE600F48273 /* Build configuration list for PBXProject "Eon-Y" */;
			developmentRegion = en;
			hasScannedForEncodings = 0;
			knownRegions = (
				en,
				Base,
			);
			mainGroup = 9B388B9D2F523DE600F48273;
			minimizedProjectReferenceProxies = 1;
			packageReferences = (
				AA000001AA000001AA000001 /* XCRemoteSwiftPackageReference "llama" */,
			);
			preferredProjectObjectVersion = 77;
			productRefGroup = 9B388BA72F523DE600F48273 /* Products */;
			projectDirPath = "";
			projectRoot = "";
			targets = (
				9B388BA52F523DE600F48273 /* Eon-Y */,
				9B388BB22F523DE700F48273 /* Eon-YTests */,
				9B388BBC2F523DE700F48273 /* Eon-YUITests */,
			);
		};
/* End PBXProject section */

/* Begin PBXResourcesBuildPhase section */
		9B388BA42F523DE600F48273 /* Resources */ = {
			isa = PBXResourcesBuildPhase;
			buildActionMask = 2147483647;
			files = (
			);
			runOnlyForDeploymentPostprocessing = 0;
		};
		9B388BB12F523DE700F48273 /* Resources */ = {
			isa = PBXResourcesBuildPhase;
			buildActionMask = 2147483647;
			files = (
			);
			runOnlyForDeploymentPostprocessing = 0;
		};
		9B388BBB2F523DE700F48273 /* Resources */ = {
			isa = PBXResourcesBuildPhase;
			buildActionMask = 2147483647;
			files = (
			);
			runOnlyForDeploymentPostprocessing = 0;
		};
/* End PBXResourcesBuildPhase section */

/* Begin PBXSourcesBuildPhase section */
		9B388BA22F523DE600F48273 /* Sources */ = {
			isa = PBXSourcesBuildPhase;
			buildActionMask = 2147483647;
			files = (
			);
			runOnlyForDeploymentPostprocessing = 0;
		};
		9B388BAF2F523DE700F48273 /* Sources */ = {
			isa = PBXSourcesBuildPhase;
			buildActionMask = 2147483647;
			files = (
			);
			runOnlyForDeploymentPostprocessing = 0;
		};
		9B388BB92F523DE700F48273 /* Sources */ = {
			isa = PBXSourcesBuildPhase;
			buildActionMask = 2147483647;
			files = (
			);
			runOnlyForDeploymentPostprocessing = 0;
		};
/* End PBXSourcesBuildPhase section */

/* Begin PBXTargetDependency section */
		9B388BB52F523DE700F48273 /* PBXTargetDependency */ = {
			isa = PBXTargetDependency;
			target = 9B388BA52F523DE600F48273 /* Eon-Y */;
			targetProxy = 9B388BB42F523DE700F48273 /* PBXContainerItemProxy */;
		};
		9B388BBF2F523DE700F48273 /* PBXTargetDependency */ = {
			isa = PBXTargetDependency;
			target = 9B388BA52F523DE600F48273 /* Eon-Y */;
			targetProxy = 9B388BBE2F523DE700F48273 /* PBXContainerItemProxy */;
		};
/* End PBXTargetDependency section */

/* Begin XCBuildConfiguration section */
		9B388BC52F523DE700F48273 /* Debug */ = {
			isa = XCBuildConfiguration;
			buildSettings = {
				ALWAYS_SEARCH_USER_PATHS = NO;
				ASSETCATALOG_COMPILER_GENERATE_SWIFT_ASSET_SYMBOL_EXTENSIONS = YES;
				CLANG_ANALYZER_NONNULL = YES;
				CLANG_ANALYZER_NUMBER_OBJECT_CONVERSION = YES_AGGRESSIVE;
				CLANG_CXX_LANGUAGE_STANDARD = "gnu++20";
				CLANG_ENABLE_MODULES = YES;
				CLANG_ENABLE_OBJC_ARC = YES;
				CLANG_ENABLE_OBJC_WEAK = YES;
				CLANG_WARN_BLOCK_CAPTURE_AUTORELEASING = YES;
				CLANG_WARN_BOOL_CONVERSION = YES;
				CLANG_WARN_COMMA = YES;
				CLANG_WARN_CONSTANT_CONVERSION = YES;
				CLANG_WARN_DEPRECATED_OBJC_IMPLEMENTATIONS = YES;
				CLANG_WARN_DIRECT_OBJC_ISA_USAGE = YES_ERROR;
				CLANG_WARN_DOCUMENTATION_COMMENTS = YES;
				CLANG_WARN_EMPTY_BODY = YES;
				CLANG_WARN_ENUM_CONVERSION = YES;
				CLANG_WARN_INFINITE_RECURSION = YES;
				CLANG_WARN_INT_CONVERSION = YES;
				CLANG_WARN_NON_LITERAL_NULL_CONVERSION = YES;
				CLANG_WARN_OBJC_IMPLICIT_RETAIN_SELF = YES;
				CLANG_WARN_OBJC_LITERAL_CONVERSION = YES;
				CLANG_WARN_OBJC_ROOT_CLASS = YES_ERROR;
				CLANG_WARN_QUOTED_INCLUDE_IN_FRAMEWORK_HEADER = YES;
				CLANG_WARN_RANGE_LOOP_ANALYSIS = YES;
				CLANG_WARN_STRICT_PROTOTYPES = YES;
				CLANG_WARN_SUSPICIOUS_MOVE = YES;
				CLANG_WARN_UNGUARDED_AVAILABILITY = YES_AGGRESSIVE;
				CLANG_WARN_UNREACHABLE_CODE = YES;
				CLANG_WARN__DUPLICATE_METHOD_MATCH = YES;
				COPY_PHASE_STRIP = NO;
				DEBUG_INFORMATION_FORMAT = dwarf;
				DEVELOPMENT_TEAM = G648H762LD;
				ENABLE_STRICT_OBJC_MSGSEND = YES;
				ENABLE_TESTABILITY = YES;
				ENABLE_USER_SCRIPT_SANDBOXING = YES;
				GCC_C_LANGUAGE_STANDARD = gnu17;
				GCC_DYNAMIC_NO_PIC = NO;
				GCC_NO_COMMON_BLOCKS = YES;
				GCC_OPTIMIZATION_LEVEL = 0;
				GCC_PREPROCESSOR_DEFINITIONS = (
					"DEBUG=1",
					"$(inherited)",
				);
				GCC_WARN_64_TO_32_BIT_CONVERSION = YES;
				GCC_WARN_ABOUT_RETURN_TYPE = YES_ERROR;
				GCC_WARN_UNDECLARED_SELECTOR = YES;
				GCC_WARN_UNINITIALIZED_AUTOS = YES_AGGRESSIVE;
				GCC_WARN_UNUSED_FUNCTION = YES;
				GCC_WARN_UNUSED_VARIABLE = YES;
				IPHONEOS_DEPLOYMENT_TARGET = 18.0;
				LOCALIZATION_PREFERS_STRING_CATALOGS = YES;
				MTL_ENABLE_DEBUG_INFO = INCLUDE_SOURCE;
				MTL_FAST_MATH = YES;
				ONLY_ACTIVE_ARCH = YES;
				SDKROOT = iphoneos;
				SWIFT_ACTIVE_COMPILATION_CONDITIONS = "DEBUG $(inherited)";
				SWIFT_OPTIMIZATION_LEVEL = "-Onone";
			};
			name = Debug;
		};
		9B388BC62F523DE700F48273 /* Release */ = {
			isa = XCBuildConfiguration;
			buildSettings = {
				ALWAYS_SEARCH_USER_PATHS = NO;
				ASSETCATALOG_COMPILER_GENERATE_SWIFT_ASSET_SYMBOL_EXTENSIONS = YES;
				CLANG_ANALYZER_NONNULL = YES;
				CLANG_ANALYZER_NUMBER_OBJECT_CONVERSION = YES_AGGRESSIVE;
				CLANG_CXX_LANGUAGE_STANDARD = "gnu++20";
				CLANG_ENABLE_MODULES = YES;
				CLANG_ENABLE_OBJC_ARC = YES;
				CLANG_ENABLE_OBJC_WEAK = YES;
				CLANG_WARN_BLOCK_CAPTURE_AUTORELEASING = YES;
				CLANG_WARN_BOOL_CONVERSION = YES;
				CLANG_WARN_COMMA = YES;
				CLANG_WARN_CONSTANT_CONVERSION = YES;
				CLANG_WARN_DEPRECATED_OBJC_IMPLEMENTATIONS = YES;
				CLANG_WARN_DIRECT_OBJC_ISA_USAGE = YES_ERROR;
				CLANG_WARN_DOCUMENTATION_COMMENTS = YES;
				CLANG_WARN_EMPTY_BODY = YES;
				CLANG_WARN_ENUM_CONVERSION = YES;
				CLANG_WARN_INFINITE_RECURSION = YES;
				CLANG_WARN_INT_CONVERSION = YES;
				CLANG_WARN_NON_LITERAL_NULL_CONVERSION = YES;
				CLANG_WARN_OBJC_IMPLICIT_RETAIN_SELF = YES;
				CLANG_WARN_OBJC_LITERAL_CONVERSION = YES;
				CLANG_WARN_OBJC_ROOT_CLASS = YES_ERROR;
				CLANG_WARN_QUOTED_INCLUDE_IN_FRAMEWORK_HEADER = YES;
				CLANG_WARN_RANGE_LOOP_ANALYSIS = YES;
				CLANG_WARN_STRICT_PROTOTYPES = YES;
				CLANG_WARN_SUSPICIOUS_MOVE = YES;
				CLANG_WARN_UNGUARDED_AVAILABILITY = YES_AGGRESSIVE;
				CLANG_WARN_UNREACHABLE_CODE = YES;
				CLANG_WARN__DUPLICATE_METHOD_MATCH = YES;
				COPY_PHASE_STRIP = NO;
				DEBUG_INFORMATION_FORMAT = "dwarf-with-dsym";
				DEVELOPMENT_TEAM = G648H762LD;
				ENABLE_NS_ASSERTIONS = NO;
				ENABLE_STRICT_OBJC_MSGSEND = YES;
				ENABLE_USER_SCRIPT_SANDBOXING = YES;
				GCC_C_LANGUAGE_STANDARD = gnu17;
				GCC_NO_COMMON_BLOCKS = YES;
				GCC_WARN_64_TO_32_BIT_CONVERSION = YES;
				GCC_WARN_ABOUT_RETURN_TYPE = YES_ERROR;
				GCC_WARN_UNDECLARED_SELECTOR = YES;
				GCC_WARN_UNINITIALIZED_AUTOS = YES_AGGRESSIVE;
				GCC_WARN_UNUSED_FUNCTION = YES;
				GCC_WARN_UNUSED_VARIABLE = YES;
				IPHONEOS_DEPLOYMENT_TARGET = 18.0;
				LOCALIZATION_PREFERS_STRING_CATALOGS = YES;
				MTL_ENABLE_DEBUG_INFO = NO;
				MTL_FAST_MATH = YES;
				SDKROOT = iphoneos;
				SWIFT_COMPILATION_MODE = wholemodule;
				VALIDATE_PRODUCT = YES;
			};
			name = Release;
		};
		9B388BC82F523DE700F48273 /* Debug */ = {
			isa = XCBuildConfiguration;
			buildSettings = {
				ASSETCATALOG_COMPILER_APPICON_NAME = AppIcon;
				ASSETCATALOG_COMPILER_GLOBAL_ACCENT_COLOR_NAME = AccentColor;
				CODE_SIGN_ENTITLEMENTS = "Eon-Y/Eon-Y.entitlements";
				CODE_SIGN_STYLE = Automatic;
				CURRENT_PROJECT_VERSION = 1;
				DEVELOPMENT_TEAM = G648H762LD;
				ENABLE_PREVIEWS = YES;
				INFOPLIST_FILE = "Eon-Y/Info.plist";
				IPHONEOS_DEPLOYMENT_TARGET = 18.0;
				LD_RUNPATH_SEARCH_PATHS = (
					"$(inherited)",
					"@executable_path/Frameworks",
				);
				MARKETING_VERSION = 1.0;
					PRODUCT_BUNDLE_IDENTIFIER = "FuturaLuna.Eon-Y";
				PRODUCT_NAME = "$(TARGET_NAME)";
				STRING_CATALOG_GENERATE_SYMBOLS = YES;
				SWIFT_APPROACHABLE_CONCURRENCY = YES;
				SWIFT_DEFAULT_ACTOR_ISOLATION = MainActor;
				SWIFT_EMIT_LOC_STRINGS = YES;
				SWIFT_UPCOMING_FEATURE_MEMBER_IMPORT_VISIBILITY = YES;
				SWIFT_VERSION = 5.0;
				TARGETED_DEVICE_FAMILY = "1,2";
			};
			name = Debug;
		};
		9B388BC92F523DE700F48273 /* Release */ = {
			isa = XCBuildConfiguration;
			buildSettings = {
				ASSETCATALOG_COMPILER_APPICON_NAME = AppIcon;
				ASSETCATALOG_COMPILER_GLOBAL_ACCENT_COLOR_NAME = AccentColor;
				CODE_SIGN_ENTITLEMENTS = "Eon-Y/Eon-Y.entitlements";
				CODE_SIGN_STYLE = Automatic;
				CURRENT_PROJECT_VERSION = 1;
				DEVELOPMENT_TEAM = G648H762LD;
				ENABLE_PREVIEWS = YES;
				INFOPLIST_FILE = "Eon-Y/Info.plist";
				IPHONEOS_DEPLOYMENT_TARGET = 18.0;
				LD_RUNPATH_SEARCH_PATHS = (
					"$(inherited)",
					"@executable_path/Frameworks",
				);
				MARKETING_VERSION = 1.0;
					PRODUCT_BUNDLE_IDENTIFIER = "FuturaLuna.Eon-Y";
				PRODUCT_NAME = "$(TARGET_NAME)";
				STRING_CATALOG_GENERATE_SYMBOLS = YES;
				SWIFT_APPROACHABLE_CONCURRENCY = YES;
				SWIFT_DEFAULT_ACTOR_ISOLATION = MainActor;
				SWIFT_EMIT_LOC_STRINGS = YES;
				SWIFT_UPCOMING_FEATURE_MEMBER_IMPORT_VISIBILITY = YES;
				SWIFT_VERSION = 5.0;
				TARGETED_DEVICE_FAMILY = "1,2";
			};
			name = Release;
		};
		9B388BCB2F523DE700F48273 /* Debug */ = {
			isa = XCBuildConfiguration;
			buildSettings = {
				BUNDLE_LOADER = "$(TEST_HOST)";
				CODE_SIGN_STYLE = Automatic;
				CURRENT_PROJECT_VERSION = 1;
				DEVELOPMENT_TEAM = G648H762LD;
				GENERATE_INFOPLIST_FILE = YES;
				IPHONEOS_DEPLOYMENT_TARGET = 18.0;
				MARKETING_VERSION = 1.0;
				PRODUCT_BUNDLE_IDENTIFIER = "FuturaLuna.Eon-YTests";
				PRODUCT_NAME = "$(TARGET_NAME)";
				STRING_CATALOG_GENERATE_SYMBOLS = NO;
				SWIFT_APPROACHABLE_CONCURRENCY = YES;
				SWIFT_EMIT_LOC_STRINGS = NO;
				SWIFT_UPCOMING_FEATURE_MEMBER_IMPORT_VISIBILITY = YES;
				SWIFT_VERSION = 5.0;
				TARGETED_DEVICE_FAMILY = "1,2";
				TEST_HOST = "$(BUILT_PRODUCTS_DIR)/Eon-Y.app/$(BUNDLE_EXECUTABLE_FOLDER_PATH)/Eon-Y";
			};
			name = Debug;
		};
		9B388BCC2F523DE700F48273 /* Release */ = {
			isa = XCBuildConfiguration;
			buildSettings = {
				BUNDLE_LOADER = "$(TEST_HOST)";
				CODE_SIGN_STYLE = Automatic;
				CURRENT_PROJECT_VERSION = 1;
				DEVELOPMENT_TEAM = G648H762LD;
				GENERATE_INFOPLIST_FILE = YES;
				IPHONEOS_DEPLOYMENT_TARGET = 18.0;
				MARKETING_VERSION = 1.0;
				PRODUCT_BUNDLE_IDENTIFIER = "FuturaLuna.Eon-YTests";
				PRODUCT_NAME = "$(TARGET_NAME)";
				STRING_CATALOG_GENERATE_SYMBOLS = NO;
				SWIFT_APPROACHABLE_CONCURRENCY = YES;
				SWIFT_EMIT_LOC_STRINGS = NO;
				SWIFT_UPCOMING_FEATURE_MEMBER_IMPORT_VISIBILITY = YES;
				SWIFT_VERSION = 5.0;
				TARGETED_DEVICE_FAMILY = "1,2";
				TEST_HOST = "$(BUILT_PRODUCTS_DIR)/Eon-Y.app/$(BUNDLE_EXECUTABLE_FOLDER_PATH)/Eon-Y";
			};
			name = Release;
		};
		9B388BCE2F523DE700F48273 /* Debug */ = {
			isa = XCBuildConfiguration;
			buildSettings = {
				CODE_SIGN_STYLE = Automatic;
				CURRENT_PROJECT_VERSION = 1;
				DEVELOPMENT_TEAM = G648H762LD;
				GENERATE_INFOPLIST_FILE = YES;
				MARKETING_VERSION = 1.0;
				PRODUCT_BUNDLE_IDENTIFIER = "FuturaLuna.Eon-YUITests";
				PRODUCT_NAME = "$(TARGET_NAME)";
				STRING_CATALOG_GENERATE_SYMBOLS = NO;
				SWIFT_APPROACHABLE_CONCURRENCY = YES;
				SWIFT_EMIT_LOC_STRINGS = NO;
				SWIFT_UPCOMING_FEATURE_MEMBER_IMPORT_VISIBILITY = YES;
				SWIFT_VERSION = 5.0;
				TARGETED_DEVICE_FAMILY = "1,2";
				TEST_TARGET_NAME = "Eon-Y";
			};
			name = Debug;
		};
		9B388BCF2F523DE700F48273 /* Release */ = {
			isa = XCBuildConfiguration;
			buildSettings = {
				CODE_SIGN_STYLE = Automatic;
				CURRENT_PROJECT_VERSION = 1;
				DEVELOPMENT_TEAM = G648H762LD;
				GENERATE_INFOPLIST_FILE = YES;
				MARKETING_VERSION = 1.0;
				PRODUCT_BUNDLE_IDENTIFIER = "FuturaLuna.Eon-YUITests";
				PRODUCT_NAME = "$(TARGET_NAME)";
				STRING_CATALOG_GENERATE_SYMBOLS = NO;
				SWIFT_APPROACHABLE_CONCURRENCY = YES;
				SWIFT_EMIT_LOC_STRINGS = NO;
				SWIFT_UPCOMING_FEATURE_MEMBER_IMPORT_VISIBILITY = YES;
				SWIFT_VERSION = 5.0;
				TARGETED_DEVICE_FAMILY = "1,2";
				TEST_TARGET_NAME = "Eon-Y";
			};
			name = Release;
		};
/* End XCBuildConfiguration section */

/* Begin XCConfigurationList section */
		9B388BA12F523DE600F48273 /* Build configuration list for PBXProject "Eon-Y" */ = {
			isa = XCConfigurationList;
			buildConfigurations = (
				9B388BC52F523DE700F48273 /* Debug */,
				9B388BC62F523DE700F48273 /* Release */,
			);
			defaultConfigurationIsVisible = 0;
			defaultConfigurationName = Release;
		};
		9B388BC72F523DE700F48273 /* Build configuration list for PBXNativeTarget "Eon-Y" */ = {
			isa = XCConfigurationList;
			buildConfigurations = (
				9B388BC82F523DE700F48273 /* Debug */,
				9B388BC92F523DE700F48273 /* Release */,
			);
			defaultConfigurationIsVisible = 0;
			defaultConfigurationName = Release;
		};
		9B388BCA2F523DE700F48273 /* Build configuration list for PBXNativeTarget "Eon-YTests" */ = {
			isa = XCConfigurationList;
			buildConfigurations = (
				9B388BCB2F523DE700F48273 /* Debug */,
				9B388BCC2F523DE700F48273 /* Release */,
			);
			defaultConfigurationIsVisible = 0;
			defaultConfigurationName = Release;
		};
		9B388BCD2F523DE700F48273 /* Build configuration list for PBXNativeTarget "Eon-YUITests" */ = {
			isa = XCConfigurationList;
			buildConfigurations = (
				9B388BCE2F523DE700F48273 /* Debug */,
				9B388BCF2F523DE700F48273 /* Release */,
			);
			defaultConfigurationIsVisible = 0;
			defaultConfigurationName = Release;
		};
/* End XCConfigurationList section */

/* Begin XCRemoteSwiftPackageReference section */
		AA000001AA000001AA000001 /* XCRemoteSwiftPackageReference "llama" */ = {
			isa = XCRemoteSwiftPackageReference;
			repositoryURL = "https://github.com/ggml-org/llama.cpp";
			requirement = {
				kind = revision;
				revision = d05b3127bd30515955aa4ee2bacdb68ebafe88f4;
			};
		};
/* End XCRemoteSwiftPackageReference section */

/* Begin XCSwiftPackageProductDependency section */
		AA000002AA000002AA000002 /* llama */ = {
			isa = XCSwiftPackageProductDependency;
			package = AA000001AA000001AA000001 /* XCRemoteSwiftPackageReference "llama" */;
			productName = llama;
		};
/* End XCSwiftPackageProductDependency section */
	};
	rootObject = 9B388B9E2F523DE600F48273 /* Project object */;
}
